
Microsoft Visual Studio Solution File, Format Version 12.00
# Visual Studio 15
VisualStudioVersion = 15.0.28307.1800
MinimumVisualStudioVersion = 10.0.40219.1
Project("{8BC9CEB8-8B4A-11D0-8D11-00A0C91BC942}") = "MFCDirectShowTestApp", "MFCDirectShowTestApp\MFCDirectShowTestApp.vcxproj", "{319A2B0D-1FFF-43CF-A99E-7C7947E7CD70}"
EndProject
Project("{8BC9CEB8-8B4A-11D0-8D11-00A0C91BC942}") = "ImageDLL", "ImageDLL\ImageDLL.vcxproj", "{094955F6-D1E3-43A0-B9D9-C331E1548E0B}"
EndProject
Project("{8BC9CEB8-8B4A-11D0-8D11-00A0C91BC942}") = "KoLangDll", "KoLangDll\KoLangDll.vcxproj", "{6AF66FB4-75CF-46DC-9C6C-6FE88A4C7A71}"
EndProject
Project("{8BC9CEB8-8B4A-11D0-8D11-00A0C91BC942}") = "BaseClasses", "baseclasses\BaseClasses.vcxproj", "{E8A3F6FA-AE1C-4C8E-A0B6-9C8480324EAA}"
EndProject
Project("{8BC9CEB8-8B4A-11D0-8D11-00A0C91BC942}") = "SKP-arkFilter", "SKP-arkFilter\SKP-arkFilter.vcxproj", "{0267FC5F-643A-4DFF-84A0-A93449C9E89B}"
EndProject
Global
	GlobalSection(SolutionConfigurationPlatforms) = preSolution
		Debug_MBCS|x64 = Debug_MBCS|x64
		Debug_MBCS|x86 = Debug_MBCS|x86
		Debug|x64 = Debug|x64
		Debug|x86 = Debug|x86
		Release_MBCS|x64 = Release_MBCS|x64
		Release_MBCS|x86 = Release_MBCS|x86
		Release|x64 = Release|x64
		Release|x86 = Release|x86
	EndGlobalSection
	GlobalSection(ProjectConfigurationPlatforms) = postSolution
		{319A2B0D-1FFF-43CF-A99E-7C7947E7CD70}.Debug_MBCS|x64.ActiveCfg = Debug|x64
		{319A2B0D-1FFF-43CF-A99E-7C7947E7CD70}.Debug_MBCS|x64.Build.0 = Debug|x64
		{319A2B0D-1FFF-43CF-A99E-7C7947E7CD70}.Debug_MBCS|x86.ActiveCfg = Debug|Win32
		{319A2B0D-1FFF-43CF-A99E-7C7947E7CD70}.Debug_MBCS|x86.Build.0 = Debug|Win32
		{319A2B0D-1FFF-43CF-A99E-7C7947E7CD70}.Debug|x64.ActiveCfg = Debug|x64
		{319A2B0D-1FFF-43CF-A99E-7C7947E7CD70}.Debug|x64.Build.0 = Debug|x64
		{319A2B0D-1FFF-43CF-A99E-7C7947E7CD70}.Debug|x86.ActiveCfg = Debug|Win32
		{319A2B0D-1FFF-43CF-A99E-7C7947E7CD70}.Debug|x86.Build.0 = Debug|Win32
		{319A2B0D-1FFF-43CF-A99E-7C7947E7CD70}.Release_MBCS|x64.ActiveCfg = Release|x64
		{319A2B0D-1FFF-43CF-A99E-7C7947E7CD70}.Release_MBCS|x64.Build.0 = Release|x64
		{319A2B0D-1FFF-43CF-A99E-7C7947E7CD70}.Release_MBCS|x86.ActiveCfg = Release|Win32
		{319A2B0D-1FFF-43CF-A99E-7C7947E7CD70}.Release_MBCS|x86.Build.0 = Release|Win32
		{319A2B0D-1FFF-43CF-A99E-7C7947E7CD70}.Release|x64.ActiveCfg = Release|x64
		{319A2B0D-1FFF-43CF-A99E-7C7947E7CD70}.Release|x64.Build.0 = Release|x64
		{319A2B0D-1FFF-43CF-A99E-7C7947E7CD70}.Release|x86.ActiveCfg = Release|Win32
		{319A2B0D-1FFF-43CF-A99E-7C7947E7CD70}.Release|x86.Build.0 = Release|Win32
		{094955F6-D1E3-43A0-B9D9-C331E1548E0B}.Debug_MBCS|x64.ActiveCfg = Debug|x64
		{094955F6-D1E3-43A0-B9D9-C331E1548E0B}.Debug_MBCS|x64.Build.0 = Debug|x64
		{094955F6-D1E3-43A0-B9D9-C331E1548E0B}.Debug_MBCS|x86.ActiveCfg = Debug|Win32
		{094955F6-D1E3-43A0-B9D9-C331E1548E0B}.Debug_MBCS|x86.Build.0 = Debug|Win32
		{094955F6-D1E3-43A0-B9D9-C331E1548E0B}.Debug|x64.ActiveCfg = Debug|x64
		{094955F6-D1E3-43A0-B9D9-C331E1548E0B}.Debug|x64.Build.0 = Debug|x64
		{094955F6-D1E3-43A0-B9D9-C331E1548E0B}.Debug|x86.ActiveCfg = Debug|Win32
		{094955F6-D1E3-43A0-B9D9-C331E1548E0B}.Debug|x86.Build.0 = Debug|Win32
		{094955F6-D1E3-43A0-B9D9-C331E1548E0B}.Release_MBCS|x64.ActiveCfg = Release|x64
		{094955F6-D1E3-43A0-B9D9-C331E1548E0B}.Release_MBCS|x64.Build.0 = Release|x64
		{094955F6-D1E3-43A0-B9D9-C331E1548E0B}.Release_MBCS|x86.ActiveCfg = Release|Win32
		{094955F6-D1E3-43A0-B9D9-C331E1548E0B}.Release_MBCS|x86.Build.0 = Release|Win32
		{094955F6-D1E3-43A0-B9D9-C331E1548E0B}.Release|x64.ActiveCfg = Release|x64
		{094955F6-D1E3-43A0-B9D9-C331E1548E0B}.Release|x64.Build.0 = Release|x64
		{094955F6-D1E3-43A0-B9D9-C331E1548E0B}.Release|x86.ActiveCfg = Release|Win32
		{094955F6-D1E3-43A0-B9D9-C331E1548E0B}.Release|x86.Build.0 = Release|Win32
		{6AF66FB4-75CF-46DC-9C6C-6FE88A4C7A71}.Debug_MBCS|x64.ActiveCfg = Debug|x64
		{6AF66FB4-75CF-46DC-9C6C-6FE88A4C7A71}.Debug_MBCS|x64.Build.0 = Debug|x64
		{6AF66FB4-75CF-46DC-9C6C-6FE88A4C7A71}.Debug_MBCS|x86.ActiveCfg = Debug|Win32
		{6AF66FB4-75CF-46DC-9C6C-6FE88A4C7A71}.Debug_MBCS|x86.Build.0 = Debug|Win32
		{6AF66FB4-75CF-46DC-9C6C-6FE88A4C7A71}.Debug|x64.ActiveCfg = Debug|x64
		{6AF66FB4-75CF-46DC-9C6C-6FE88A4C7A71}.Debug|x64.Build.0 = Debug|x64
		{6AF66FB4-75CF-46DC-9C6C-6FE88A4C7A71}.Debug|x86.ActiveCfg = Debug|Win32
		{6AF66FB4-75CF-46DC-9C6C-6FE88A4C7A71}.Debug|x86.Build.0 = Debug|Win32
		{6AF66FB4-75CF-46DC-9C6C-6FE88A4C7A71}.Release_MBCS|x64.ActiveCfg = Release|x64
		{6AF66FB4-75CF-46DC-9C6C-6FE88A4C7A71}.Release_MBCS|x64.Build.0 = Release|x64
		{6AF66FB4-75CF-46DC-9C6C-6FE88A4C7A71}.Release_MBCS|x86.ActiveCfg = Release|Win32
		{6AF66FB4-75CF-46DC-9C6C-6FE88A4C7A71}.Release_MBCS|x86.Build.0 = Release|Win32
		{6AF66FB4-75CF-46DC-9C6C-6FE88A4C7A71}.Release|x64.ActiveCfg = Release|x64
		{6AF66FB4-75CF-46DC-9C6C-6FE88A4C7A71}.Release|x64.Build.0 = Release|x64
		{6AF66FB4-75CF-46DC-9C6C-6FE88A4C7A71}.Release|x86.ActiveCfg = Release|Win32
		{6AF66FB4-75CF-46DC-9C6C-6FE88A4C7A71}.Release|x86.Build.0 = Release|Win32
		{E8A3F6FA-AE1C-4C8E-A0B6-9C8480324EAA}.Debug_MBCS|x64.ActiveCfg = Debug_MBCS|x64
		{E8A3F6FA-AE1C-4C8E-A0B6-9C8480324EAA}.Debug_MBCS|x64.Build.0 = Debug_MBCS|x64
		{E8A3F6FA-AE1C-4C8E-A0B6-9C8480324EAA}.Debug_MBCS|x86.ActiveCfg = Debug_MBCS|Win32
		{E8A3F6FA-AE1C-4C8E-A0B6-9C8480324EAA}.Debug_MBCS|x86.Build.0 = Debug_MBCS|Win32
		{E8A3F6FA-AE1C-4C8E-A0B6-9C8480324EAA}.Debug|x64.ActiveCfg = Debug|x64
		{E8A3F6FA-AE1C-4C8E-A0B6-9C8480324EAA}.Debug|x64.Build.0 = Debug|x64
		{E8A3F6FA-AE1C-4C8E-A0B6-9C8480324EAA}.Debug|x86.ActiveCfg = Debug|Win32
		{E8A3F6FA-AE1C-4C8E-A0B6-9C8480324EAA}.Debug|x86.Build.0 = Debug|Win32
		{E8A3F6FA-AE1C-4C8E-A0B6-9C8480324EAA}.Release_MBCS|x64.ActiveCfg = Release_MBCS|x64
		{E8A3F6FA-AE1C-4C8E-A0B6-9C8480324EAA}.Release_MBCS|x64.Build.0 = Release_MBCS|x64
		{E8A3F6FA-AE1C-4C8E-A0B6-9C8480324EAA}.Release_MBCS|x86.ActiveCfg = Release_MBCS|Win32
		{E8A3F6FA-AE1C-4C8E-A0B6-9C8480324EAA}.Release_MBCS|x86.Build.0 = Release_MBCS|Win32
		{E8A3F6FA-AE1C-4C8E-A0B6-9C8480324EAA}.Release|x64.ActiveCfg = Release|x64
		{E8A3F6FA-AE1C-4C8E-A0B6-9C8480324EAA}.Release|x64.Build.0 = Release|x64
		{E8A3F6FA-AE1C-4C8E-A0B6-9C8480324EAA}.Release|x86.ActiveCfg = Release|Win32
		{E8A3F6FA-AE1C-4C8E-A0B6-9C8480324EAA}.Release|x86.Build.0 = Release|Win32
		{0267FC5F-643A-4DFF-84A0-A93449C9E89B}.Debug_MBCS|x64.ActiveCfg = Debug|x64
		{0267FC5F-643A-4DFF-84A0-A93449C9E89B}.Debug_MBCS|x64.Build.0 = Debug|x64
		{0267FC5F-643A-4DFF-84A0-A93449C9E89B}.Debug_MBCS|x86.ActiveCfg = Debug|Win32
		{0267FC5F-643A-4DFF-84A0-A93449C9E89B}.Debug_MBCS|x86.Build.0 = Debug|Win32
		{0267FC5F-643A-4DFF-84A0-A93449C9E89B}.Debug|x64.ActiveCfg = Debug|x64
		{0267FC5F-643A-4DFF-84A0-A93449C9E89B}.Debug|x64.Build.0 = Debug|x64
		{0267FC5F-643A-4DFF-84A0-A93449C9E89B}.Debug|x86.ActiveCfg = Debug|Win32
		{0267FC5F-643A-4DFF-84A0-A93449C9E89B}.Debug|x86.Build.0 = Debug|Win32
		{0267FC5F-643A-4DFF-84A0-A93449C9E89B}.Release_MBCS|x64.ActiveCfg = Release|x64
		{0267FC5F-643A-4DFF-84A0-A93449C9E89B}.Release_MBCS|x64.Build.0 = Release|x64
		{0267FC5F-643A-4DFF-84A0-A93449C9E89B}.Release_MBCS|x86.ActiveCfg = Release|Win32
		{0267FC5F-643A-4DFF-84A0-A93449C9E89B}.Release_MBCS|x86.Build.0 = Release|Win32
		{0267FC5F-643A-4DFF-84A0-A93449C9E89B}.Release|x64.ActiveCfg = Release|x64
		{0267FC5F-643A-4DFF-84A0-A93449C9E89B}.Release|x64.Build.0 = Release|x64
		{0267FC5F-643A-4DFF-84A0-A93449C9E89B}.Release|x86.ActiveCfg = Release|Win32
		{0267FC5F-643A-4DFF-84A0-A93449C9E89B}.Release|x86.Build.0 = Release|Win32
	EndGlobalSection
	GlobalSection(SolutionProperties) = preSolution
		HideSolutionNode = FALSE
	EndGlobalSection
	GlobalSection(ExtensibilityGlobals) = postSolution
		SolutionGuid = {4E0FC05E-A349-43F2-AF86-C60EFEB6E5D1}
	EndGlobalSection
EndGlobal
